
Microsoft Visual Studio Solution File, Format Version 12.00
# Visual Studio Version 16
VisualStudioVersion = 16.0.31005.135
MinimumVisualStudioVersion = 10.0.40219.1
Project("{9A19103F-16F7-4668-BE54-9A1E7A4F7556}") = "Git4e", "Git4e\Git4e.csproj", "{1A29C0AF-3925-4F0A-A84E-56EF2CC63F9B}"
EndProject
Project("{9A19103F-16F7-4668-BE54-9A1E7A4F7556}") = "CrewSchedule", "CrewSchedule\CrewSchedule.csproj", "{C698B422-70AE-4C5E-837A-65049CA3728B}"
EndProject
Project("{9A19103F-16F7-4668-BE54-9A1E7A4F7556}") = "TestClient", "TestClient\TestClient.csproj", "{03CDF7C7-2D0C-4EDC-B761-241280BCE892}"
EndProject
Project("{FAE04EC0-301F-11D3-BF4B-00C04F79EFBC}") = "Git4e.Abstractions", "Git4e.Abstractions\Git4e.Abstractions.csproj", "{F6BD23D2-01F4-4D27-B507-499FD64B5FD6}"
EndProject
Global
	GlobalSection(SolutionConfigurationPlatforms) = preSolution
		Debug|Any CPU = Debug|Any CPU
		Release|Any CPU = Release|Any CPU
	EndGlobalSection
	GlobalSection(ProjectConfigurationPlatforms) = postSolution
		{1A29C0AF-3925-4F0A-A84E-56EF2CC63F9B}.Debug|Any CPU.ActiveCfg = Debug|Any CPU
		{1A29C0AF-3925-4F0A-A84E-56EF2CC63F9B}.Debug|Any CPU.Build.0 = Debug|Any CPU
		{1A29C0AF-3925-4F0A-A84E-56EF2CC63F9B}.Release|Any CPU.ActiveCfg = Release|Any CPU
		{1A29C0AF-3925-4F0A-A84E-56EF2CC63F9B}.Release|Any CPU.Build.0 = Release|Any CPU
		{C698B422-70AE-4C5E-837A-65049CA3728B}.Debug|Any CPU.ActiveCfg = Debug|Any CPU
		{C698B422-70AE-4C5E-837A-65049CA3728B}.Debug|Any CPU.Build.0 = Debug|Any CPU
		{C698B422-70AE-4C5E-837A-65049CA3728B}.Release|Any CPU.ActiveCfg = Release|Any CPU
		{C698B422-70AE-4C5E-837A-65049CA3728B}.Release|Any CPU.Build.0 = Release|Any CPU
		{03CDF7C7-2D0C-4EDC-B761-241280BCE892}.Debug|Any CPU.ActiveCfg = Debug|Any CPU
		{03CDF7C7-2D0C-4EDC-B761-241280BCE892}.Debug|Any CPU.Build.0 = Debug|Any CPU
		{03CDF7C7-2D0C-4EDC-B761-241280BCE892}.Release|Any CPU.ActiveCfg = Release|Any CPU
		{03CDF7C7-2D0C-4EDC-B761-241280BCE892}.Release|Any CPU.Build.0 = Release|Any CPU
		{F6BD23D2-01F4-4D27-B507-499FD64B5FD6}.Debug|Any CPU.ActiveCfg = Debug|Any CPU
		{F6BD23D2-01F4-4D27-B507-499FD64B5FD6}.Debug|Any CPU.Build.0 = Debug|Any CPU
		{F6BD23D2-01F4-4D27-B507-499FD64B5FD6}.Release|Any CPU.ActiveCfg = Release|Any CPU
		{F6BD23D2-01F4-4D27-B507-499FD64B5FD6}.Release|Any CPU.Build.0 = Release|Any CPU
	EndGlobalSection
	GlobalSection(SolutionProperties) = preSolution
		HideSolutionNode = FALSE
	EndGlobalSection
	GlobalSection(ExtensibilityGlobals) = postSolution
		SolutionGuid = {EC1112D3-34A4-473E-A8DB-B4763FEC1955}
	EndGlobalSection
EndGlobal
